
Microsoft Visual Studio Solution File, Format Version 12.00
# Visual Studio Version 16
VisualStudioVersion = 16.0.29613.14
MinimumVisualStudioVersion = 10.0.40219.1
Project("{8BC9CEB8-8B4A-11D0-8D11-00A0C91BC942}") = "Object_Oriented", "Object_Oriented\Object_Oriented.vcxproj", "{93240C0D-E308-41FE-8175-00A5ED6D348B}"
EndProject
Global
	GlobalSection(SolutionConfigurationPlatforms) = preSolution
		Debug|x64 = Debug|x64
		Debug|x86 = Debug|x86
		Release|x64 = Release|x64
		Release|x86 = Release|x86
	EndGlobalSection
	GlobalSection(ProjectConfigurationPlatforms) = postSolution
		{93240C0D-E308-41FE-8175-00A5ED6D348B}.Debug|x64.ActiveCfg = Debug|x64
		{93240C0D-E308-41FE-8175-00A5ED6D348B}.Debug|x64.Build.0 = Debug|x64
		{93240C0D-E308-41FE-8175-00A5ED6D348B}.Debug|x86.ActiveCfg = Debug|Win32
		{93240C0D-E308-41FE-8175-00A5ED6D348B}.Debug|x86.Build.0 = Debug|Win32
		{93240C0D-E308-41FE-8175-00A5ED6D348B}.Release|x64.ActiveCfg = Release|x64
		{93240C0D-E308-41FE-8175-00A5ED6D348B}.Release|x64.Build.0 = Release|x64
		{93240C0D-E308-41FE-8175-00A5ED6D348B}.Release|x86.ActiveCfg = Release|Win32
		{93240C0D-E308-41FE-8175-00A5ED6D348B}.Release|x86.Build.0 = Release|Win32
	EndGlobalSection
	GlobalSection(SolutionProperties) = preSolution
		HideSolutionNode = FALSE
	EndGlobalSection
	GlobalSection(ExtensibilityGlobals) = postSolution
		SolutionGuid = {AA3A7358-D633-45A0-9D6F-F6D14E8AF762}
	EndGlobalSection
EndGlobal
