
Microsoft Visual Studio Solution File, Format Version 12.00
# Visual Studio 15
VisualStudioVersion = 15.0.28307.1259
MinimumVisualStudioVersion = 10.0.40219.1
Project("{8BC9CEB8-8B4A-11D0-8D11-00A0C91BC942}") = "chatServer", "chatServer.vcxproj", "{683C839C-6FFF-4632-BC3C-70872E644CC9}"
EndProject
Project("{8BC9CEB8-8B4A-11D0-8D11-00A0C91BC942}") = "chatClient", "..\chatClient\chatClient.vcxproj", "{62E99EC7-2D74-4449-81FB-D567E5771EEF}"
EndProject
Global
	GlobalSection(SolutionConfigurationPlatforms) = preSolution
		Debug|x64 = Debug|x64
		Debug|x86 = Debug|x86
		Release|x64 = Release|x64
		Release|x86 = Release|x86
	EndGlobalSection
	GlobalSection(ProjectConfigurationPlatforms) = postSolution
		{683C839C-6FFF-4632-BC3C-70872E644CC9}.Debug|x64.ActiveCfg = Debug|x64
		{683C839C-6FFF-4632-BC3C-70872E644CC9}.Debug|x64.Build.0 = Debug|x64
		{683C839C-6FFF-4632-BC3C-70872E644CC9}.Debug|x86.ActiveCfg = Debug|Win32
		{683C839C-6FFF-4632-BC3C-70872E644CC9}.Debug|x86.Build.0 = Debug|Win32
		{683C839C-6FFF-4632-BC3C-70872E644CC9}.Release|x64.ActiveCfg = Release|x64
		{683C839C-6FFF-4632-BC3C-70872E644CC9}.Release|x64.Build.0 = Release|x64
		{683C839C-6FFF-4632-BC3C-70872E644CC9}.Release|x86.ActiveCfg = Release|Win32
		{683C839C-6FFF-4632-BC3C-70872E644CC9}.Release|x86.Build.0 = Release|Win32
		{62E99EC7-2D74-4449-81FB-D567E5771EEF}.Debug|x64.ActiveCfg = Debug|x64
		{62E99EC7-2D74-4449-81FB-D567E5771EEF}.Debug|x64.Build.0 = Debug|x64
		{62E99EC7-2D74-4449-81FB-D567E5771EEF}.Debug|x86.ActiveCfg = Debug|Win32
		{62E99EC7-2D74-4449-81FB-D567E5771EEF}.Debug|x86.Build.0 = Debug|Win32
		{62E99EC7-2D74-4449-81FB-D567E5771EEF}.Release|x64.ActiveCfg = Release|x64
		{62E99EC7-2D74-4449-81FB-D567E5771EEF}.Release|x64.Build.0 = Release|x64
		{62E99EC7-2D74-4449-81FB-D567E5771EEF}.Release|x86.ActiveCfg = Release|Win32
		{62E99EC7-2D74-4449-81FB-D567E5771EEF}.Release|x86.Build.0 = Release|Win32
	EndGlobalSection
	GlobalSection(SolutionProperties) = preSolution
		HideSolutionNode = FALSE
	EndGlobalSection
	GlobalSection(ExtensibilityGlobals) = postSolution
		SolutionGuid = {2BE466D7-18F3-43DD-B2D4-844F1EAF9D36}
	EndGlobalSection
EndGlobal
